// !$*UTF8*$!
{
	archiveVersion = 1;
	classes = {
	};
	objectVersion = 55;
	objects = {

/* Begin PBXBuildFile section */
		D3BA262C27E900FF00DD0232 /* AppDelegate.swift in Sources */ = {isa = PBXBuildFile; fileRef = D3BA262B27E900FF00DD0232 /* AppDelegate.swift */; };
		D3BA262E27E900FF00DD0232 /* SceneDelegate.swift in Sources */ = {isa = PBXBuildFile; fileRef = D3BA262D27E900FF00DD0232 /* SceneDelegate.swift */; };
		D3BA263027E900FF00DD0232 /* ViewController.swift in Sources */ = {isa = PBXBuildFile; fileRef = D3BA262F27E900FF00DD0232 /* ViewController.swift */; };
		D3BA263327E900FF00DD0232 /* Main.storyboard in Resources */ = {isa = PBXBuildFile; fileRef = D3BA263127E900FF00DD0232 /* Main.storyboard */; };
		D3BA263527E9010100DD0232 /* Assets.xcassets in Resources */ = {isa = PBXBuildFile; fileRef = D3BA263427E9010100DD0232 /* Assets.xcassets */; };
		D3BA263827E9010100DD0232 /* LaunchScreen.storyboard in Resources */ = {isa = PBXBuildFile; fileRef = D3BA263627E9010100DD0232 /* LaunchScreen.storyboard */; };
		D3BA264027E90CF400DD0232 /* DetailedViewController.swift in Sources */ = {isa = PBXBuildFile; fileRef = D3BA263F27E90CF400DD0232 /* DetailedViewController.swift */; };
		D3BA264227E9688E00DD0232 /* Utilities.swift in Sources */ = {isa = PBXBuildFile; fileRef = D3BA264127E9688E00DD0232 /* Utilities.swift */; };
/* End PBXBuildFile section */

/* Begin PBXFileReference section */
		D3BA262827E900FF00DD0232 /* SalesByMatch_EFaggett.app */ = {isa = PBXFileReference; explicitFileType = wrapper.application; includeInIndex = 0; path = SalesByMatch_EFaggett.app; sourceTree = BUILT_PRODUCTS_DIR; };
		D3BA262B27E900FF00DD0232 /* AppDelegate.swift */ = {isa = PBXFileReference; lastKnownFileType = sourcecode.swift; path = AppDelegate.swift; sourceTree = "<group>"; };
		D3BA262D27E900FF00DD0232 /* SceneDelegate.swift */ = {isa = PBXFileReference; lastKnownFileType = sourcecode.swift; path = SceneDelegate.swift; sourceTree = "<group>"; };
		D3BA262F27E900FF00DD0232 /* ViewController.swift */ = {isa = PBXFileReference; lastKnownFileType = sourcecode.swift; path = ViewController.swift; sourceTree = "<group>"; };
		D3BA263227E900FF00DD0232 /* Base */ = {isa = PBXFileReference; lastKnownFileType = file.storyboard; name = Base; path = Base.lproj/Main.storyboard; sourceTree = "<group>"; };
		D3BA263427E9010100DD0232 /* Assets.xcassets */ = {isa = PBXFileReference; lastKnownFileType = folder.assetcatalog; path = Assets.xcassets; sourceTree = "<group>"; };
		D3BA263727E9010100DD0232 /* Base */ = {isa = PBXFileReference; lastKnownFileType = file.storyboard; name = Base; path = Base.lproj/LaunchScreen.storyboard; sourceTree = "<group>"; };
		D3BA263927E9010100DD0232 /* Info.plist */ = {isa = PBXFileReference; lastKnownFileType = text.plist.xml; path = Info.plist; sourceTree = "<group>"; };
		D3BA263F27E90CF400DD0232 /* DetailedViewController.swift */ = {isa = PBXFileReference; lastKnownFileType = sourcecode.swift; path = DetailedViewController.swift; sourceTree = "<group>"; };
		D3BA264127E9688E00DD0232 /* Utilities.swift */ = {isa = PBXFileReference; lastKnownFileType = sourcecode.swift; path = Utilities.swift; sourceTree = "<group>"; };
/* End PBXFileReference section */

/* Begin PBXFrameworksBuildPhase section */
		D3BA262527E900FF00DD0232 /* Frameworks */ = {
			isa = PBXFrameworksBuildPhase;
			buildActionMask = 2147483647;
			files = (
			);
			runOnlyForDeploymentPostprocessing = 0;
		};
/* End PBXFrameworksBuildPhase section */

/* Begin PBXGroup section */
		D3BA261F27E900FF00DD0232 = {
			isa = PBXGroup;
			children = (
				D3BA262A27E900FF00DD0232 /* SalesByMatch_EFaggett */,
				D3BA262927E900FF00DD0232 /* Products */,
			);
			sourceTree = "<group>";
		};
		D3BA262927E900FF00DD0232 /* Products */ = {
			isa = PBXGroup;
			children = (
				D3BA262827E900FF00DD0232 /* SalesByMatch_EFaggett.app */,
			);
			name = Products;
			sourceTree = "<group>";
		};
		D3BA262A27E900FF00DD0232 /* SalesByMatch_EFaggett */ = {
			isa = PBXGroup;
			children = (
				D3BA262B27E900FF00DD0232 /* AppDelegate.swift */,
				D3BA262D27E900FF00DD0232 /* SceneDelegate.swift */,
				D3BA262F27E900FF00DD0232 /* ViewController.swift */,
				D3BA263F27E90CF400DD0232 /* DetailedViewController.swift */,
				D3BA264127E9688E00DD0232 /* Utilities.swift */,
				D3BA263127E900FF00DD0232 /* Main.storyboard */,
				D3BA263427E9010100DD0232 /* Assets.xcassets */,
				D3BA263627E9010100DD0232 /* LaunchScreen.storyboard */,
				D3BA263927E9010100DD0232 /* Info.plist */,
			);
			path = SalesByMatch_EFaggett;
			sourceTree = "<group>";
		};
/* End PBXGroup section */

/* Begin PBXNativeTarget section */
		D3BA262727E900FF00DD0232 /* SalesByMatch_EFaggett */ = {
			isa = PBXNativeTarget;
			buildConfigurationList = D3BA263C27E9010100DD0232 /* Build configuration list for PBXNativeTarget "SalesByMatch_EFaggett" */;
			buildPhases = (
				D3BA262427E900FF00DD0232 /* Sources */,
				D3BA262527E900FF00DD0232 /* Frameworks */,
				D3BA262627E900FF00DD0232 /* Resources */,
			);
			buildRules = (
			);
			dependencies = (
			);
			name = SalesByMatch_EFaggett;
			productName = SalesByMatch_EFaggett;
			productReference = D3BA262827E900FF00DD0232 /* SalesByMatch_EFaggett.app */;
			productType = "com.apple.product-type.application";
		};
/* End PBXNativeTarget section */

/* Begin PBXProject section */
		D3BA262027E900FF00DD0232 /* Project object */ = {
			isa = PBXProject;
			attributes = {
				BuildIndependentTargetsInParallel = 1;
				LastSwiftUpdateCheck = 1320;
				LastUpgradeCheck = 1320;
				TargetAttributes = {
					D3BA262727E900FF00DD0232 = {
						CreatedOnToolsVersion = 13.2.1;
					};
				};
			};
			buildConfigurationList = D3BA262327E900FF00DD0232 /* Build configuration list for PBXProject "SalesByMatch_EFaggett" */;
			compatibilityVersion = "Xcode 13.0";
			developmentRegion = en;
			hasScannedForEncodings = 0;
			knownRegions = (
				en,
				Base,
			);
			mainGroup = D3BA261F27E900FF00DD0232;
			productRefGroup = D3BA262927E900FF00DD0232 /* Products */;
			projectDirPath = "";
			projectRoot = "";
			targets = (
				D3BA262727E900FF00DD0232 /* SalesByMatch_EFaggett */,
			);
		};
/* End PBXProject section */

/* Begin PBXResourcesBuildPhase section */
		D3BA262627E900FF00DD0232 /* Resources */ = {
			isa = PBXResourcesBuildPhase;
			buildActionMask = 2147483647;
			files = (
				D3BA263827E9010100DD0232 /* LaunchScreen.storyboard in Resources */,
				D3BA263527E9010100DD0232 /* Assets.xcassets in Resources */,
				D3BA263327E900FF00DD0232 /* Main.storyboard in Resources */,
			);
			runOnlyForDeploymentPostprocessing = 0;
		};
/* End PBXResourcesBuildPhase section */

/* Begin PBXSourcesBuildPhase section */
		D3BA262427E900FF00DD0232 /* Sources */ = {
			isa = PBXSourcesBuildPhase;
			buildActionMask = 2147483647;
			files = (
				D3BA263027E900FF00DD0232 /* ViewController.swift in Sources */,
				D3BA262C27E900FF00DD0232 /* AppDelegate.swift in Sources */,
				D3BA264027E90CF400DD0232 /* DetailedViewController.swift in Sources */,
				D3BA264227E9688E00DD0232 /* Utilities.swift in Sources */,
				D3BA262E27E900FF00DD0232 /* SceneDelegate.swift in Sources */,
			);
			runOnlyForDeploymentPostprocessing = 0;
		};
/* End PBXSourcesBuildPhase section */

/* Begin PBXVariantGroup section */
		D3BA263127E900FF00DD0232 /* Main.storyboard */ = {
			isa = PBXVariantGroup;
			children = (
				D3BA263227E900FF00DD0232 /* Base */,
			);
			name = Main.storyboard;
			sourceTree = "<group>";
		};
		D3BA263627E9010100DD0232 /* LaunchScreen.storyboard */ = {
			isa = PBXVariantGroup;
			children = (
				D3BA263727E9010100DD0232 /* Base */,
			);
			name = LaunchScreen.storyboard;
			sourceTree = "<group>";
		};
/* End PBXVariantGroup section */

/* Begin XCBuildConfiguration section */
		D3BA263A27E9010100DD0232 /* Debug */ = {
			isa = XCBuildConfiguration;
			buildSettings = {
				ALWAYS_SEARCH_USER_PATHS = NO;
				CLANG_ANALYZER_NONNULL = YES;
				CLANG_ANALYZER_NUMBER_OBJECT_CONVERSION = YES_AGGRESSIVE;
				CLANG_CXX_LANGUAGE_STANDARD = "gnu++17";
				CLANG_CXX_LIBRARY = "libc++";
				CLANG_ENABLE_MODULES = YES;
				CLANG_ENABLE_OBJC_ARC = YES;
				CLANG_ENABLE_OBJC_WEAK = YES;
				CLANG_WARN_BLOCK_CAPTURE_AUTORELEASING = YES;
				CLANG_WARN_BOOL_CONVERSION = YES;
				CLANG_WARN_COMMA = YES;
				CLANG_WARN_CONSTANT_CONVERSION = YES;
				CLANG_WARN_DEPRECATED_OBJC_IMPLEMENTATIONS = YES;
				CLANG_WARN_DIRECT_OBJC_ISA_USAGE = YES_ERROR;
				CLANG_WARN_DOCUMENTATION_COMMENTS = YES;
				CLANG_WARN_EMPTY_BODY = YES;
				CLANG_WARN_ENUM_CONVERSION = YES;
				CLANG_WARN_INFINITE_RECURSION = YES;
				CLANG_WARN_INT_CONVERSION = YES;
				CLANG_WARN_NON_LITERAL_NULL_CONVERSION = YES;
				CLANG_WARN_OBJC_IMPLICIT_RETAIN_SELF = YES;
				CLANG_WARN_OBJC_LITERAL_CONVERSION = YES;
				CLANG_WARN_OBJC_ROOT_CLASS = YES_ERROR;
				CLANG_WARN_QUOTED_INCLUDE_IN_FRAMEWORK_HEADER = YES;
				CLANG_WARN_RANGE_LOOP_ANALYSIS = YES;
				CLANG_WARN_STRICT_PROTOTYPES = YES;
				CLANG_WARN_SUSPICIOUS_MOVE = YES;
				CLANG_WARN_UNGUARDED_AVAILABILITY = YES_AGGRESSIVE;
				CLANG_WARN_UNREACHABLE_CODE = YES;
				CLANG_WARN__DUPLICATE_METHOD_MATCH = YES;
				COPY_PHASE_STRIP = NO;
				DEBUG_INFORMATION_FORMAT = dwarf;
				ENABLE_STRICT_OBJC_MSGSEND = YES;
				ENABLE_TESTABILITY = YES;
				GCC_C_LANGUAGE_STANDARD = gnu11;
				GCC_DYNAMIC_NO_PIC = NO;
				GCC_NO_COMMON_BLOCKS = YES;
				GCC_OPTIMIZATION_LEVEL = 0;
				GCC_PREPROCESSOR_DEFINITIONS = (
					"DEBUG=1",
					"$(inherited)",
				);
				GCC_WARN_64_TO_32_BIT_CONVERSION = YES;
				GCC_WARN_ABOUT_RETURN_TYPE = YES_ERROR;
				GCC_WARN_UNDECLARED_SELECTOR = YES;
				GCC_WARN_UNINITIALIZED_AUTOS = YES_AGGRESSIVE;
				GCC_WARN_UNUSED_FUNCTION = YES;
				GCC_WARN_UNUSED_VARIABLE = YES;
				IPHONEOS_DEPLOYMENT_TARGET = 15.2;
				MTL_ENABLE_DEBUG_INFO = INCLUDE_SOURCE;
				MTL_FAST_MATH = YES;
				ONLY_ACTIVE_ARCH = YES;
				SDKROOT = iphoneos;
				SWIFT_ACTIVE_COMPILATION_CONDITIONS = DEBUG;
				SWIFT_OPTIMIZATION_LEVEL = "-Onone";
			};
			name = Debug;
		};
		D3BA263B27E9010100DD0232 /* Release */ = {
			isa = XCBuildConfiguration;
			buildSettings = {
				ALWAYS_SEARCH_USER_PATHS = NO;
				CLANG_ANALYZER_NONNULL = YES;
				CLANG_ANALYZER_NUMBER_OBJECT_CONVERSION = YES_AGGRESSIVE;
				CLANG_CXX_LANGUAGE_STANDARD = "gnu++17";
				CLANG_CXX_LIBRARY = "libc++";
				CLANG_ENABLE_MODULES = YES;
				CLANG_ENABLE_OBJC_ARC = YES;
				CLANG_ENABLE_OBJC_WEAK = YES;
				CLANG_WARN_BLOCK_CAPTURE_AUTORELEASING = YES;
				CLANG_WARN_BOOL_CONVERSION = YES;
				CLANG_WARN_COMMA = YES;
				CLANG_WARN_CONSTANT_CONVERSION = YES;
				CLANG_WARN_DEPRECATED_OBJC_IMPLEMENTATIONS = YES;
				CLANG_WARN_DIRECT_OBJC_ISA_USAGE = YES_ERROR;
				CLANG_WARN_DOCUMENTATION_COMMENTS = YES;
				CLANG_WARN_EMPTY_BODY = YES;
				CLANG_WARN_ENUM_CONVERSION = YES;
				CLANG_WARN_INFINITE_RECURSION = YES;
				CLANG_WARN_INT_CONVERSION = YES;
				CLANG_WARN_NON_LITERAL_NULL_CONVERSION = YES;
				CLANG_WARN_OBJC_IMPLICIT_RETAIN_SELF = YES;
				CLANG_WARN_OBJC_LITERAL_CONVERSION = YES;
				CLANG_WARN_OBJC_ROOT_CLASS = YES_ERROR;
				CLANG_WARN_QUOTED_INCLUDE_IN_FRAMEWORK_HEADER = YES;
				CLANG_WARN_RANGE_LOOP_ANALYSIS = YES;
				CLANG_WARN_STRICT_PROTOTYPES = YES;
				CLANG_WARN_SUSPICIOUS_MOVE = YES;
				CLANG_WARN_UNGUARDED_AVAILABILITY = YES_AGGRESSIVE;
				CLANG_WARN_UNREACHABLE_CODE = YES;
				CLANG_WARN__DUPLICATE_METHOD_MATCH = YES;
				COPY_PHASE_STRIP = NO;
				DEBUG_INFORMATION_FORMAT = "dwarf-with-dsym";
				ENABLE_NS_ASSERTIONS = NO;
				ENABLE_STRICT_OBJC_MSGSEND = YES;
				GCC_C_LANGUAGE_STANDARD = gnu11;
				GCC_NO_COMMON_BLOCKS = YES;
				GCC_WARN_64_TO_32_BIT_CONVERSION = YES;
				GCC_WARN_ABOUT_RETURN_TYPE = YES_ERROR;
				GCC_WARN_UNDECLARED_SELECTOR = YES;
				GCC_WARN_UNINITIALIZED_AUTOS = YES_AGGRESSIVE;
				GCC_WARN_UNUSED_FUNCTION = YES;
				GCC_WARN_UNUSED_VARIABLE = YES;
				IPHONEOS_DEPLOYMENT_TARGET = 15.2;
				MTL_ENABLE_DEBUG_INFO = NO;
				MTL_FAST_MATH = YES;
				SDKROOT = iphoneos;
				SWIFT_COMPILATION_MODE = wholemodule;
				SWIFT_OPTIMIZATION_LEVEL = "-O";
				VALIDATE_PRODUCT = YES;
			};
			name = Release;
		};
		D3BA263D27E9010100DD0232 /* Debug */ = {
			isa = XCBuildConfiguration;
			buildSettings = {
				ASSETCATALOG_COMPILER_APPICON_NAME = AppIcon;
				ASSETCATALOG_COMPILER_GLOBAL_ACCENT_COLOR_NAME = AccentColor;
				CODE_SIGN_STYLE = Automatic;
				CURRENT_PROJECT_VERSION = 1;
				DEVELOPMENT_TEAM = A96K22M226;
				GENERATE_INFOPLIST_FILE = YES;
				INFOPLIST_FILE = SalesByMatch_EFaggett/Info.plist;
				INFOPLIST_KEY_UIApplicationSupportsIndirectInputEvents = YES;
				INFOPLIST_KEY_UILaunchStoryboardName = LaunchScreen;
				INFOPLIST_KEY_UIMainStoryboardFile = Main;
				INFOPLIST_KEY_UISupportedInterfaceOrientations_iPad = "UIInterfaceOrientationPortrait UIInterfaceOrientationPortraitUpsideDown UIInterfaceOrientationLandscapeLeft UIInterfaceOrientationLandscapeRight";
				INFOPLIST_KEY_UISupportedInterfaceOrientations_iPhone = "UIInterfaceOrientationPortrait UIInterfaceOrientationLandscapeLeft UIInterfaceOrientationLandscapeRight";
				LD_RUNPATH_SEARCH_PATHS = (
					"$(inherited)",
					"@executable_path/Frameworks",
				);
				MARKETING_VERSION = 1.0;
				PRODUCT_BUNDLE_IDENTIFIER = "com.efaggett..SalesByMatch-EFaggett";
				PRODUCT_NAME = "$(TARGET_NAME)";
				SWIFT_EMIT_LOC_STRINGS = YES;
				SWIFT_VERSION = 5.0;
				TARGETED_DEVICE_FAMILY = "1,2";
			};
			name = Debug;
		};
		D3BA263E27E9010100DD0232 /* Release */ = {
			isa = XCBuildConfiguration;
			buildSettings = {
				ASSETCATALOG_COMPILER_APPICON_NAME = AppIcon;
				ASSETCATALOG_COMPILER_GLOBAL_ACCENT_COLOR_NAME = AccentColor;
				CODE_SIGN_STYLE = Automatic;
				CURRENT_PROJECT_VERSION = 1;
				DEVELOPMENT_TEAM = A96K22M226;
				GENERATE_INFOPLIST_FILE = YES;
				INFOPLIST_FILE = SalesByMatch_EFaggett/Info.plist;
				INFOPLIST_KEY_UIApplicationSupportsIndirectInputEvents = YES;
				INFOPLIST_KEY_UILaunchStoryboardName = LaunchScreen;
				INFOPLIST_KEY_UIMainStoryboardFile = Main;
				INFOPLIST_KEY_UISupportedInterfaceOrientations_iPad = "UIInterfaceOrientationPortrait UIInterfaceOrientationPortraitUpsideDown UIInterfaceOrientationLandscapeLeft UIInterfaceOrientationLandscapeRight";
				INFOPLIST_KEY_UISupportedInterfaceOrientations_iPhone = "UIInterfaceOrientationPortrait UIInterfaceOrientationLandscapeLeft UIInterfaceOrientationLandscapeRight";
				LD_RUNPATH_SEARCH_PATHS = (
					"$(inherited)",
					"@executable_path/Frameworks",
				);
				MARKETING_VERSION = 1.0;
				PRODUCT_BUNDLE_IDENTIFIER = "com.efaggett..SalesByMatch-EFaggett";
				PRODUCT_NAME = "$(TARGET_NAME)";
				SWIFT_EMIT_LOC_STRINGS = YES;
				SWIFT_VERSION = 5.0;
				TARGETED_DEVICE_FAMILY = "1,2";
			};
			name = Release;
		};
/* End XCBuildConfiguration section */

/* Begin XCConfigurationList section */
		D3BA262327E900FF00DD0232 /* Build configuration list for PBXProject "SalesByMatch_EFaggett" */ = {
			isa = XCConfigurationList;
			buildConfigurations = (
				D3BA263A27E9010100DD0232 /* Debug */,
				D3BA263B27E9010100DD0232 /* Release */,
			);
			defaultConfigurationIsVisible = 0;
			defaultConfigurationName = Release;
		};
		D3BA263C27E9010100DD0232 /* Build configuration list for PBXNativeTarget "SalesByMatch_EFaggett" */ = {
			isa = XCConfigurationList;
			buildConfigurations = (
				D3BA263D27E9010100DD0232 /* Debug */,
				D3BA263E27E9010100DD0232 /* Release */,
			);
			defaultConfigurationIsVisible = 0;
			defaultConfigurationName = Release;
		};
/* End XCConfigurationList section */
	};
	rootObject = D3BA262027E900FF00DD0232 /* Project object */;
}
